
Microsoft Visual Studio Solution File, Format Version 12.00
# Visual Studio 14
VisualStudioVersion = 14.0.25420.1
MinimumVisualStudioVersion = 10.0.40219.1
Project("{FAE04EC0-301F-11D3-BF4B-00C04F79EFBC}") = "xFilm5.DAL", "xFilm5.DAL\xFilm5.DAL.csproj", "{04AED734-0CE4-4C95-9359-AEE6E959B337}"
EndProject
Project("{FAE04EC0-301F-11D3-BF4B-00C04F79EFBC}") = "xFilm5", "xFilm5\xFilm5.csproj", "{B26DDC16-DF80-4AB0-88BA-69E94B8661B2}"
EndProject
Project("{FAE04EC0-301F-11D3-BF4B-00C04F79EFBC}") = "xFilm5.Api", "xFilm5.Api\xFilm5.Api.csproj", "{E17297B0-CBBF-4142-8647-106984B6FE9C}"
EndProject
Project("{FAE04EC0-301F-11D3-BF4B-00C04F79EFBC}") = "xFilm5.QRStation", "xFilm5.QRStation\xFilm5.QRStation.csproj", "{476C25ED-D983-404C-ABA0-2AE53B704D83}"
EndProject
Project("{FAE04EC0-301F-11D3-BF4B-00C04F79EFBC}") = "xFilm5.DAL4Win", "xFilm5.DAL4Win\xFilm5.DAL4Win.csproj", "{FB4C40AC-E30D-48DD-B0B7-6B06BF379FBC}"
EndProject
Project("{FAE04EC0-301F-11D3-BF4B-00C04F79EFBC}") = "xFilm5.Bot", "xFilm5.Bot\xFilm5.Bot.csproj", "{120CCBE2-50C4-46EF-9631-5765A8A46F14}"
EndProject
Project("{FAE04EC0-301F-11D3-BF4B-00C04F79EFBC}") = "xFilm5.EF6", "xFilm5.EF6\xFilm5.EF6.csproj", "{909B0971-2434-4BC2-BDF7-B04A39FE1B9E}"
EndProject
Global
	GlobalSection(SolutionConfigurationPlatforms) = preSolution
		Debug|Any CPU = Debug|Any CPU
		Release|Any CPU = Release|Any CPU
	EndGlobalSection
	GlobalSection(ProjectConfigurationPlatforms) = postSolution
		{04AED734-0CE4-4C95-9359-AEE6E959B337}.Debug|Any CPU.ActiveCfg = Debug|Any CPU
		{04AED734-0CE4-4C95-9359-AEE6E959B337}.Debug|Any CPU.Build.0 = Debug|Any CPU
		{04AED734-0CE4-4C95-9359-AEE6E959B337}.Release|Any CPU.ActiveCfg = Release|Any CPU
		{04AED734-0CE4-4C95-9359-AEE6E959B337}.Release|Any CPU.Build.0 = Release|Any CPU
		{B26DDC16-DF80-4AB0-88BA-69E94B8661B2}.Debug|Any CPU.ActiveCfg = Debug|Any CPU
		{B26DDC16-DF80-4AB0-88BA-69E94B8661B2}.Debug|Any CPU.Build.0 = Debug|Any CPU
		{B26DDC16-DF80-4AB0-88BA-69E94B8661B2}.Release|Any CPU.ActiveCfg = Release|Any CPU
		{B26DDC16-DF80-4AB0-88BA-69E94B8661B2}.Release|Any CPU.Build.0 = Release|Any CPU
		{E17297B0-CBBF-4142-8647-106984B6FE9C}.Debug|Any CPU.ActiveCfg = Debug|Any CPU
		{E17297B0-CBBF-4142-8647-106984B6FE9C}.Debug|Any CPU.Build.0 = Debug|Any CPU
		{E17297B0-CBBF-4142-8647-106984B6FE9C}.Release|Any CPU.ActiveCfg = Release|Any CPU
		{E17297B0-CBBF-4142-8647-106984B6FE9C}.Release|Any CPU.Build.0 = Release|Any CPU
		{476C25ED-D983-404C-ABA0-2AE53B704D83}.Debug|Any CPU.ActiveCfg = Debug|Any CPU
		{476C25ED-D983-404C-ABA0-2AE53B704D83}.Debug|Any CPU.Build.0 = Debug|Any CPU
		{476C25ED-D983-404C-ABA0-2AE53B704D83}.Release|Any CPU.ActiveCfg = Release|Any CPU
		{476C25ED-D983-404C-ABA0-2AE53B704D83}.Release|Any CPU.Build.0 = Release|Any CPU
		{FB4C40AC-E30D-48DD-B0B7-6B06BF379FBC}.Debug|Any CPU.ActiveCfg = Debug|Any CPU
		{FB4C40AC-E30D-48DD-B0B7-6B06BF379FBC}.Debug|Any CPU.Build.0 = Debug|Any CPU
		{FB4C40AC-E30D-48DD-B0B7-6B06BF379FBC}.Release|Any CPU.ActiveCfg = Release|Any CPU
		{FB4C40AC-E30D-48DD-B0B7-6B06BF379FBC}.Release|Any CPU.Build.0 = Release|Any CPU
		{120CCBE2-50C4-46EF-9631-5765A8A46F14}.Debug|Any CPU.ActiveCfg = Debug|Any CPU
		{120CCBE2-50C4-46EF-9631-5765A8A46F14}.Debug|Any CPU.Build.0 = Debug|Any CPU
		{120CCBE2-50C4-46EF-9631-5765A8A46F14}.Release|Any CPU.ActiveCfg = Release|Any CPU
		{120CCBE2-50C4-46EF-9631-5765A8A46F14}.Release|Any CPU.Build.0 = Release|Any CPU
		{909B0971-2434-4BC2-BDF7-B04A39FE1B9E}.Debug|Any CPU.ActiveCfg = Debug|Any CPU
		{909B0971-2434-4BC2-BDF7-B04A39FE1B9E}.Debug|Any CPU.Build.0 = Debug|Any CPU
		{909B0971-2434-4BC2-BDF7-B04A39FE1B9E}.Release|Any CPU.ActiveCfg = Release|Any CPU
		{909B0971-2434-4BC2-BDF7-B04A39FE1B9E}.Release|Any CPU.Build.0 = Release|Any CPU
	EndGlobalSection
	GlobalSection(SolutionProperties) = preSolution
		HideSolutionNode = FALSE
	EndGlobalSection
	GlobalSection(ExtensibilityGlobals) = postSolution
		EnterpriseLibraryConfigurationToolBinariesPathV6 = packages\EnterpriseLibrary.Common.6.0.1304.0\lib\NET45;packages\EnterpriseLibrary.Data.6.0.1304.0\lib\NET45
	EndGlobalSection
EndGlobal
